version = 1

[reviewers.architecture]
version = "1.3.0"
digest = "sha256:42e115d504d875c9d882c4cda036a36ba8cd861ae447b8749519c45b1db78199"

[reviewers.contracts]
version = "1.2.0"
digest = "sha256:3622c76969f42fbe8f69775e038663b43b2dbbf7830adbd21435dae445215e60"

[reviewers.cross]
version = "1.0.0"
digest = "sha256:8714c649330ac16f6cb3a4038c85e9976157357db6fbd4a2a4405d757ffbc4e0"

[reviewers.performance]
version = "1.3.0"
digest = "sha256:f38c123477bbd7333f316738529a8c638629ec46f75c8a60524000406f82eaf9"
