version = 1

[reviewers.architecture]
version = "1.4.0"
digest = "sha256:be3ab486fa9e5899b4aeb1bf4b071e40b6ab5ce39866e5197e9a8a43843a01bc"

[reviewers.contracts]
version = "1.3.0"
digest = "sha256:2bbc70560291eba8635423901598c9f5ab4d6d43a26fa79011e153c02c02d5b5"

[reviewers.cross]
version = "1.1.0"
digest = "sha256:e0ea1c28e0569c55481745bbe70a67facf532e38c8b2cb0d5e0de3eeab835295"

[reviewers.performance]
version = "1.4.0"
digest = "sha256:6ad503c4d8aac7d064bfef325e3f79b5923c1599161579693e6766f282a055a5"
