version = 1

[reviewers.architecture]
version = "1.3.0"
digest = "sha256:acd17c30603599cf1566514b4fddebe94b50e6481f2075adb6e40ecb40e81182"

[reviewers.contracts]
version = "1.2.0"
digest = "sha256:679b25aaa3c7722ebe76e6ed1be252ff49343b2c9ed31549bc77b176f79ccec9"

[reviewers.cross]
version = "1.0.0"
digest = "sha256:ac9b6bdddb67d3ba00cc918953b0b4fbc2d010a257c2299090f2c87fc44dbc0f"

[reviewers.performance]
version = "1.3.0"
digest = "sha256:c4ddf6b5f449320fec79ba067bddfc348ca11c4e423650ef11fbf82f79ec1136"
